{
  "nodes": {
    "home-manager": {
      "inputs": {
        "nixpkgs": [
          "nixpkgs"
        ]
      },
      "locked": {
        "lastModified": 1646354208,
        "narHash": "sha256-eldsDbNPqYNAtK8Pu79fGGGGOVpWUPWkz83Gzvhz0Jk=",
        "owner": "nix-community",
        "repo": "home-manager",
        "rev": "541874f55d7c15b4c67329ec0370b245dea322e8",
        "type": "github"
      },
      "original": {
        "owner": "nix-community",
        "repo": "home-manager",
        "type": "github"
      }
    },
    "nixpkgs": {
      "locked": {
        "lastModified": 1646254136,
        "narHash": "sha256-8nQx02tTzgYO21BP/dy5BCRopE8OwE8Drsw98j+Qoaw=",
        "owner": "NixOS",
        "repo": "nixpkgs",
        "rev": "3e072546ea98db00c2364b81491b893673267827",
        "type": "github"
      },
      "original": {
        "id": "nixpkgs",
        "ref": "nixos-unstable",
        "type": "indirect"
      }
    },
    "nur": {
      "locked": {
        "lastModified": 1646356916,
        "narHash": "sha256-w3mJm21ExCsFtA09iC8vFhD+cqh/t4WfN4Wck4EjbSs=",
        "owner": "nix-community",
        "repo": "NUR",
        "rev": "65e295c2c2d84e1c953a5bc7ef9df30710f7710c",
        "type": "github"
      },
      "original": {
        "owner": "nix-community",
        "repo": "NUR",
        "type": "github"
      }
    },
    "root": {
      "inputs": {
        "home-manager": "home-manager",
        "nixpkgs": "nixpkgs",
        "nur": "nur"
      }
    }
  },
  "root": "root",
  "version": 7
}
