{
  "nodes": {
    "home-manager": {
      "inputs": {
        "nixpkgs": [
          "nixpkgs"
        ]
      },
      "locked": {
        "lastModified": 1646364779,
        "narHash": "sha256-481vkO9b3h++bHzLbGDDhgpBoXQ0Wlo4lm4h5/EJMO4=",
        "owner": "nix-community",
        "repo": "home-manager",
        "rev": "d119cea3763977801ad66330668c1ab4346cb7f7",
        "type": "github"
      },
      "original": {
        "owner": "nix-community",
        "repo": "home-manager",
        "type": "github"
      }
    },
    "nixpkgs": {
      "locked": {
        "lastModified": 1646254136,
        "narHash": "sha256-8nQx02tTzgYO21BP/dy5BCRopE8OwE8Drsw98j+Qoaw=",
        "owner": "NixOS",
        "repo": "nixpkgs",
        "rev": "3e072546ea98db00c2364b81491b893673267827",
        "type": "github"
      },
      "original": {
        "id": "nixpkgs",
        "ref": "nixos-unstable",
        "type": "indirect"
      }
    },
    "nur": {
      "locked": {
        "lastModified": 1646447271,
        "narHash": "sha256-ah1bAoNlhwq7ov8tRLoZpRsPf30arsGGx8ArBz/NHgs=",
        "owner": "nix-community",
        "repo": "NUR",
        "rev": "27ef1dc73aad6a3c03be1576d6a181aca120066c",
        "type": "github"
      },
      "original": {
        "owner": "nix-community",
        "repo": "NUR",
        "type": "github"
      }
    },
    "root": {
      "inputs": {
        "home-manager": "home-manager",
        "nixpkgs": "nixpkgs",
        "nur": "nur"
      }
    }
  },
  "root": "root",
  "version": 7
}
